
Microsoft Visual Studio Solution File, Format Version 12.00
# Visual Studio Version 16
VisualStudioVersion = 16.0.28803.202
MinimumVisualStudioVersion = 10.0.40219.1
Project("{FAE04EC0-301F-11D3-BF4B-00C04F79EFBC}") = "Exercise1", "Exercise1\Exercise1.csproj", "{7AC1B923-9AAA-4F71-BFBB-03162B010141}"
EndProject
Global
	GlobalSection(SolutionConfigurationPlatforms) = preSolution
		Debug|Any CPU = Debug|Any CPU
		Release|Any CPU = Release|Any CPU
	EndGlobalSection
	GlobalSection(ProjectConfigurationPlatforms) = postSolution
		{7AC1B923-9AAA-4F71-BFBB-03162B010141}.Debug|Any CPU.ActiveCfg = Debug|Any CPU
		{7AC1B923-9AAA-4F71-BFBB-03162B010141}.Debug|Any CPU.Build.0 = Debug|Any CPU
		{7AC1B923-9AAA-4F71-BFBB-03162B010141}.Release|Any CPU.ActiveCfg = Release|Any CPU
		{7AC1B923-9AAA-4F71-BFBB-03162B010141}.Release|Any CPU.Build.0 = Release|Any CPU
	EndGlobalSection
	GlobalSection(SolutionProperties) = preSolution
		HideSolutionNode = FALSE
	EndGlobalSection
	GlobalSection(ExtensibilityGlobals) = postSolution
		SolutionGuid = {14E83D31-9F49-4C59-895E-3002F21DB9E4}
	EndGlobalSection
EndGlobal
